# This file is automatically @generated by Cargo.
# It is not intended for manual editing.
version = 4

[[package]]
name = "proc-macro-tool"
version = "0.7.0"
source = "registry+https://github.com/rust-lang/crates.io-index"
checksum = "cd636891b714d740761fe70d031bdf3729a873aae85febb39cfbba0e1afb5117"

[[package]]
name = "stringify-inner"
version = "0.3.2"
dependencies = [
 "proc-macro-tool",
]
