# This file is automatically @generated by Cargo.
# It is not intended for manual editing.
version = 4

[[package]]
name = "proc-macro-tool"
version = "0.3.0"
source = "registry+https://github.com/rust-lang/crates.io-index"
checksum = "bd3252ce8c0b48a108bbce502fd13403eceb7b27d0120080f9ebcb6222f7b2c2"

[[package]]
name = "stringify-inner"
version = "0.3.1"
dependencies = [
 "proc-macro-tool",
]
